
Microsoft Visual Studio Solution File, Format Version 12.00
# Visual Studio Version 16
VisualStudioVersion = 16.0.30011.22
MinimumVisualStudioVersion = 10.0.40219.1
Project("{FAE04EC0-301F-11D3-BF4B-00C04F79EFBC}") = "TinyCLR.GlideX", "TinyCLR.GlideX\TinyCLR.GlideX.csproj", "{3FF23FE2-8224-4581-819D-B807AAF20DA2}"
EndProject
Project("{FAE04EC0-301F-11D3-BF4B-00C04F79EFBC}") = "System.XML", "System.XML\System.XML.csproj", "{CBF98196-A6F7-40B8-8D09-73E9B7BE37EB}"
EndProject
Project("{2150E333-8FDC-42A3-9474-1A3956D46DE8}") = "Test", "Test", "{B56BD0F6-3C8D-4AE3-A141-9AE7DD7E7C27}"
EndProject
Project("{FAE04EC0-301F-11D3-BF4B-00C04F79EFBC}") = "TestGlideX", "TestGlideX\TestGlideX.csproj", "{A914A77F-EB8C-4FD5-AE14-2AAE92DA9E1F}"
EndProject
Project("{2150E333-8FDC-42A3-9474-1A3956D46DE8}") = "Libs", "Libs", "{09931632-49AB-4286-A940-0AF4EB1B4E42}"
EndProject
Project("{FAE04EC0-301F-11D3-BF4B-00C04F79EFBC}") = "GHIElectronics.TinyCLR.UI", "..\..\TinyCLR-Libraries\GHIElectronics.TinyCLR.UI\GHIElectronics.TinyCLR.UI.csproj", "{2BD3FB57-7D27-4DAF-A0DC-A23F5793E12A}"
EndProject
Project("{FAE04EC0-301F-11D3-BF4B-00C04F79EFBC}") = "GHIElectronics.TinyCLR.Devices.Display", "..\..\TinyCLR-Libraries\GHIElectronics.TinyCLR.Devices.Display\GHIElectronics.TinyCLR.Devices.Display.csproj", "{2E1DCA92-5601-4038-A1F0-01A604FB0B65}"
EndProject
Project("{FAE04EC0-301F-11D3-BF4B-00C04F79EFBC}") = "GHIElectronics.TinyCLR.Drawing", "..\..\TinyCLR-Libraries\GHIElectronics.TinyCLR.Drawing\GHIElectronics.TinyCLR.Drawing.csproj", "{52A54E94-2FD8-4EEE-822C-C8C7F27AF423}"
EndProject
Project("{FAE04EC0-301F-11D3-BF4B-00C04F79EFBC}") = "GHIElectronics.TinyCLR.Native", "..\..\TinyCLR-Libraries\GHIElectronics.TinyCLR.Native\GHIElectronics.TinyCLR.Native.csproj", "{B602474A-AEB0-491C-832B-7EAF0B4511C0}"
EndProject
Global
	GlobalSection(SolutionConfigurationPlatforms) = preSolution
		Debug|Any CPU = Debug|Any CPU
		Release|Any CPU = Release|Any CPU
	EndGlobalSection
	GlobalSection(ProjectConfigurationPlatforms) = postSolution
		{3FF23FE2-8224-4581-819D-B807AAF20DA2}.Debug|Any CPU.ActiveCfg = Debug|Any CPU
		{3FF23FE2-8224-4581-819D-B807AAF20DA2}.Debug|Any CPU.Build.0 = Debug|Any CPU
		{3FF23FE2-8224-4581-819D-B807AAF20DA2}.Release|Any CPU.ActiveCfg = Release|Any CPU
		{3FF23FE2-8224-4581-819D-B807AAF20DA2}.Release|Any CPU.Build.0 = Release|Any CPU
		{CBF98196-A6F7-40B8-8D09-73E9B7BE37EB}.Debug|Any CPU.ActiveCfg = Debug|Any CPU
		{CBF98196-A6F7-40B8-8D09-73E9B7BE37EB}.Debug|Any CPU.Build.0 = Debug|Any CPU
		{CBF98196-A6F7-40B8-8D09-73E9B7BE37EB}.Release|Any CPU.ActiveCfg = Release|Any CPU
		{CBF98196-A6F7-40B8-8D09-73E9B7BE37EB}.Release|Any CPU.Build.0 = Release|Any CPU
		{A914A77F-EB8C-4FD5-AE14-2AAE92DA9E1F}.Debug|Any CPU.ActiveCfg = Debug|Any CPU
		{A914A77F-EB8C-4FD5-AE14-2AAE92DA9E1F}.Debug|Any CPU.Build.0 = Debug|Any CPU
		{A914A77F-EB8C-4FD5-AE14-2AAE92DA9E1F}.Debug|Any CPU.Deploy.0 = Debug|Any CPU
		{A914A77F-EB8C-4FD5-AE14-2AAE92DA9E1F}.Release|Any CPU.ActiveCfg = Release|Any CPU
		{A914A77F-EB8C-4FD5-AE14-2AAE92DA9E1F}.Release|Any CPU.Build.0 = Release|Any CPU
		{A914A77F-EB8C-4FD5-AE14-2AAE92DA9E1F}.Release|Any CPU.Deploy.0 = Release|Any CPU
		{2BD3FB57-7D27-4DAF-A0DC-A23F5793E12A}.Debug|Any CPU.ActiveCfg = Debug|Any CPU
		{2BD3FB57-7D27-4DAF-A0DC-A23F5793E12A}.Debug|Any CPU.Build.0 = Debug|Any CPU
		{2BD3FB57-7D27-4DAF-A0DC-A23F5793E12A}.Release|Any CPU.ActiveCfg = Release|Any CPU
		{2BD3FB57-7D27-4DAF-A0DC-A23F5793E12A}.Release|Any CPU.Build.0 = Release|Any CPU
		{2E1DCA92-5601-4038-A1F0-01A604FB0B65}.Debug|Any CPU.ActiveCfg = Debug|Any CPU
		{2E1DCA92-5601-4038-A1F0-01A604FB0B65}.Debug|Any CPU.Build.0 = Debug|Any CPU
		{2E1DCA92-5601-4038-A1F0-01A604FB0B65}.Release|Any CPU.ActiveCfg = Release|Any CPU
		{2E1DCA92-5601-4038-A1F0-01A604FB0B65}.Release|Any CPU.Build.0 = Release|Any CPU
		{52A54E94-2FD8-4EEE-822C-C8C7F27AF423}.Debug|Any CPU.ActiveCfg = Debug|Any CPU
		{52A54E94-2FD8-4EEE-822C-C8C7F27AF423}.Debug|Any CPU.Build.0 = Debug|Any CPU
		{52A54E94-2FD8-4EEE-822C-C8C7F27AF423}.Release|Any CPU.ActiveCfg = Release|Any CPU
		{52A54E94-2FD8-4EEE-822C-C8C7F27AF423}.Release|Any CPU.Build.0 = Release|Any CPU
		{B602474A-AEB0-491C-832B-7EAF0B4511C0}.Debug|Any CPU.ActiveCfg = Debug|Any CPU
		{B602474A-AEB0-491C-832B-7EAF0B4511C0}.Debug|Any CPU.Build.0 = Debug|Any CPU
		{B602474A-AEB0-491C-832B-7EAF0B4511C0}.Release|Any CPU.ActiveCfg = Release|Any CPU
		{B602474A-AEB0-491C-832B-7EAF0B4511C0}.Release|Any CPU.Build.0 = Release|Any CPU
	EndGlobalSection
	GlobalSection(SolutionProperties) = preSolution
		HideSolutionNode = FALSE
	EndGlobalSection
	GlobalSection(NestedProjects) = preSolution
		{3FF23FE2-8224-4581-819D-B807AAF20DA2} = {09931632-49AB-4286-A940-0AF4EB1B4E42}
		{CBF98196-A6F7-40B8-8D09-73E9B7BE37EB} = {09931632-49AB-4286-A940-0AF4EB1B4E42}
		{A914A77F-EB8C-4FD5-AE14-2AAE92DA9E1F} = {B56BD0F6-3C8D-4AE3-A141-9AE7DD7E7C27}
		{2BD3FB57-7D27-4DAF-A0DC-A23F5793E12A} = {09931632-49AB-4286-A940-0AF4EB1B4E42}
		{2E1DCA92-5601-4038-A1F0-01A604FB0B65} = {09931632-49AB-4286-A940-0AF4EB1B4E42}
		{52A54E94-2FD8-4EEE-822C-C8C7F27AF423} = {09931632-49AB-4286-A940-0AF4EB1B4E42}
		{B602474A-AEB0-491C-832B-7EAF0B4511C0} = {09931632-49AB-4286-A940-0AF4EB1B4E42}
	EndGlobalSection
	GlobalSection(ExtensibilityGlobals) = postSolution
		SolutionGuid = {469399BB-BFF0-4E02-807C-EE0896A9F9E2}
	EndGlobalSection
EndGlobal
